{
  "name": "demo-app",
  "version": "1.0.0",
  "lockfileVersion": 3,
  "requires": true,
  "packages": {
    "": {
      "name": "demo-app",
      "version": "1.0.0",
      "dependencies": {
        "express": "^4.18.0"
      }
    },
    "node_modules/express": {
      "name": "express",
      "version": "4.18.2",
      "license": "MIT",
      "dependencies": {}
    },
    "node_modules/fictional-pkg-xyz": {
      "name": "fictional-pkg-xyz",
      "version": "1.0.0",
      "license": "MIT"
    }
  }
}
